github.com/davecgh/go-spew v1.1.2-0.20180830191138-d8f796af33cc h1:U9qPSI2PIWSS1VwoXQT9A3Wy9MM3WgvqSxFWenqJduM=
github.com/eclipse/paho.mqtt.golang v1.5.0 h1:EH+bUVJNgttidWFkLLVKaQPGmkTUfQQqjOsyvMGvD6o=
github.com/eclipse/paho.mqtt.golang v1.5.0/go.mod h1:du/2qNQVqJf/Sqs4MEL77kR8QTqANF7XU7Fk0aOTAgk=
github.com/expgo/config v0.0.0-20250207104159-8ab422bd5ea1 h1:PJncNcpszmZY9Yxu14yBVX0PnVuUA7JqYGWqFDVMfCY=
github.com/expgo/config v0.0.0-20250207104159-8ab422bd5ea1/go.mod h1:CvMiG1riQ/rA+UFGWtCqto5I0lsIYctNMuYMCIY52Fo=
github.com/expgo/factory v0.0.0-20250207104258-d86fd2f60f11 h1:+V5S8GqCrapfJhruYG9nHlcsZ6rjeL+LhjzCx8zMOko=
github.com/expgo/factory v0.0.0-20250207104258-d86fd2f60f11/go.mod h1:qdudKVDskUQl48yVSxvOLfR6Ez11BldOTG3x1nNXLx8=
github.com/expgo/generic v0.0.0-20240814064603-ecd54aed10dc h1:cWcLO36Rqrc2yz7rEf7WMQykHij3m7uFRhRrkMIFt2A=
github.com/expgo/generic v0.0.0-20240814064603-ecd54aed10dc/go.mod h1:CJcVaS/IBmVseDjlvEk36L1A+QyuZ2f4URS2RNHWkqQ=
github.com/expgo/log v0.0.0-20250207104414-6051c6ef7394 h1:QjKZkSBy7ZabrF8DZkMRqrF0ROBA2ahSgrVu2KtwrNQ=
github.com/expgo/log v0.0.0-20250207104414-6051c6ef7394/go.mod h1:Um+CgYc0VV6Jbfd2HFMTSvMcxVIlHVbcgxchEgPP3F4=
github.com/expgo/log-pipe v0.0.0-20250207150632-4e153d85e0d3 h1:G+oBDQhNiNWpi8+ZVA2NtJdbDGVJN2EBP+9oQyQSw0w=
github.com/expgo/log-pipe v0.0.0-20250207150632-4e153d85e0d3/go.mod h1:xDLHpBIsiob0qBmHpbjp39N45kP6txVU2ExAt3Qwyo0=
github.com/expgo/serve v0.0.0-20250206035538-7e8f6126c92a h1:RlvROUsEDRk/D9XoennVjcP2Zt6pXsqB9iuC3Qa1KFk=
github.com/expgo/serve v0.0.0-20250206035538-7e8f6126c92a/go.mod h1:hGmK01jAUp1OoYinV5JFAQfdw52U9gzfx60yLtrAHmQ=
github.com/expgo/structure v0.0.0-20250207102346-67febfcd842a h1:A5LEJm/Ee2AoTHqJuKPzm6TkkIi8b3SgjJYBzmfoq1o=
github.com/expgo/structure v0.0.0-20250207102346-67febfcd842a/go.mod h1:tsjqeBHjL+mbqq0OtKdvEqGXAlZpSCzJjFipV9gW/QI=
github.com/expgo/sync v0.0.0-20240603064429-fb40bfd6db49 h1:xArwIFzQo/lMdnYad0yhyoxBB8XKtnK054wWvuje5lE=
github.com/expgo/sync v0.0.0-20240603064429-fb40bfd6db49/go.mod h1:wnF7YTsjdtzdbp2kqXh9zlMGq9XkmQ2iC3uC8JkRx8M=
github.com/expr-lang/expr v1.16.9 h1:WUAzmR0JNI9JCiF0/ewwHB1gmcGw5wW7nWt8gc6PpCI=
github.com/expr-lang/expr v1.16.9/go.mod h1:8/vRC7+7HBzESEqt5kKpYXxrxkr31SaO8r40VO/1IT4=
github.com/gobwas/glob v0.2.3 h1:A4xDbljILXROh+kObIiy5kIaPYD8e96x1tgBhUI5J+Y=
github.com/gobwas/glob v0.2.3/go.mod h1:d3Ez4x06l9bZtSvzIay5+Yzi0fmZzPgnTbPcKjJAkT8=
github.com/gorilla/websocket v1.5.3 h1:saDtZ6Pbx/0u+bgYQ3q96pZgCzfhKXGPqt7kZ72aNNg=
github.com/gorilla/websocket v1.5.3/go.mod h1:YR8l580nyteQvAITg2hZ9XVh4b55+EU/adAjf1fMHhE=
github.com/petermattis/goid v0.0.0-20240813172612-4fcff4a6cae7/go.mod h1:pxMtw7cyUw6B2bRH0ZBANSPg+AoSud1I1iyJHI69jH4=
github.com/petermattis/goid v0.0.0-20250121172306-05bcfb9a85dc h1:Xz/LkK9AJRY5QTkA1uE1faB8yeqRFjeKgwDtI13ogcY=
github.com/petermattis/goid v0.0.0-20250121172306-05bcfb9a85dc/go.mod h1:pxMtw7cyUw6B2bRH0ZBANSPg+AoSud1I1iyJHI69jH4=
github.com/pmezard/go-difflib v1.0.1-0.20181226105442-5d4384ee4fb2 h1:Jamvg5psRIccs7FGNTlIRMkT8wgtp5eCXdBlqhYGL6U=
github.com/sasha-s/go-deadlock v0.3.5 h1:tNCOEEDG6tBqrNDOX35j/7hL5FcFViG6awUGROb2NsU=
github.com/sasha-s/go-deadlock v0.3.5/go.mod h1:bugP6EGbdGYObIlx7pUZtWqlvo8k9H6vCBBsiChJQ5U=
github.com/stretchr/testify v1.9.0 h1:HtqpIVDClZ4nwg75+f6Lvsy/wHu+3BoSGCbBAcpTsTg=
github.com/thejerf/suture/v4 v4.0.6 h1:QsuCEsCqb03xF9tPAsWAj8QOAJBgQI1c0VqJNaingg8=
github.com/thejerf/suture/v4 v4.0.6/go.mod h1:gu9Y4dXNUWFrByqRt30Rm9/UZ0wzRSt9AJS6xu/ZGxU=
go.uber.org/goleak v1.3.0 h1:2K3zAYmnTNqV73imy9J1T3WC+gmCePx2hEGkimedGto=
go.uber.org/multierr v1.11.0 h1:blXXJkSxSSfBVBlC76pxqeO+LN3aDfLQo+309xJstO0=
go.uber.org/multierr v1.11.0/go.mod h1:20+QtiLqy0Nd6FdQB9TLXag12DsQkrbs3htMFfDN80Y=
go.uber.org/zap v1.27.0 h1:aJMhYGrd5QSmlpLMr2MftRKl7t8J8PTZPA732ud/XR8=
go.uber.org/zap v1.27.0/go.mod h1:GB2qFLM7cTU87MWRP2mPIjqfIDnGu+VIO4V/SdhGo2E=
golang.org/x/net v0.27.0 h1:5K3Njcw06/l2y9vpGCSdcxWOYHOUk3dVNGDXN+FvAys=
golang.org/x/net v0.27.0/go.mod h1:dDi0PyhWNoiUOrAS8uXv/vnScO4wnHQO4mj9fn/RytE=
golang.org/x/sync v0.7.0 h1:YsImfSBoP9QPYL0xyKJPq0gcaJdG3rInoqxTWbfQu9M=
golang.org/x/sync v0.7.0/go.mod h1:Czt+wKu1gCyEFDUtn0jG5QVvpJ6rzVqr5aXyt9drQfk=
gopkg.in/check.v1 v0.0.0-20161208181325-20d25e280405 h1:yhCVgyC4o1eVCa2tZl7eS0r+SDo693bJlVdllGtEeKM=
gopkg.in/check.v1 v0.0.0-20161208181325-20d25e280405/go.mod h1:Co6ibVJAznAaIkqp8huTwlJQCZ016jof/cbN4VW5Yz0=
gopkg.in/natefinch/lumberjack.v2 v2.2.1 h1:bBRl1b0OH9s/DuPhuXpNl+VtCaJXFZ5/uEFST95x9zc=
gopkg.in/natefinch/lumberjack.v2 v2.2.1/go.mod h1:YD8tP3GAjkrDg1eZH7EGmyESg/lsYskCTPBJVb9jqSc=
gopkg.in/yaml.v3 v3.0.1 h1:fxVm/GzAzEWqLHuvctI91KS9hhNmmWOoWu0XTYJS7CA=
gopkg.in/yaml.v3 v3.0.1/go.mod h1:K4uyk7z7BCEPqu6E+C64Yfv1cQ7kz7rIZviUmN+EgEM=
